
Microsoft Visual Studio Solution File, Format Version 12.00
# Visual Studio Version 17
VisualStudioVersion = 17.11.35208.52
MinimumVisualStudioVersion = 10.0.40219.1
Project("{FAE04EC0-301F-11D3-BF4B-00C04F79EFBC}") = "APIGateway", "APIGateway\APIGateway.csproj", "{999C5715-3E8F-40F3-9E72-D442D3AAA632}"
EndProject
Project("{FAE04EC0-301F-11D3-BF4B-00C04F79EFBC}") = "GestionAPI", "GestionAPI\GestionAPI.csproj", "{7D079FDA-FCDC-4FE5-A1D5-FFA22B5D3C9F}"
EndProject
Global
	GlobalSection(SolutionConfigurationPlatforms) = preSolution
		Debug|Any CPU = Debug|Any CPU
		Release|Any CPU = Release|Any CPU
	EndGlobalSection
	GlobalSection(ProjectConfigurationPlatforms) = postSolution
		{999C5715-3E8F-40F3-9E72-D442D3AAA632}.Debug|Any CPU.ActiveCfg = Debug|Any CPU
		{999C5715-3E8F-40F3-9E72-D442D3AAA632}.Debug|Any CPU.Build.0 = Debug|Any CPU
		{999C5715-3E8F-40F3-9E72-D442D3AAA632}.Release|Any CPU.ActiveCfg = Release|Any CPU
		{999C5715-3E8F-40F3-9E72-D442D3AAA632}.Release|Any CPU.Build.0 = Release|Any CPU
		{7D079FDA-FCDC-4FE5-A1D5-FFA22B5D3C9F}.Debug|Any CPU.ActiveCfg = Debug|Any CPU
		{7D079FDA-FCDC-4FE5-A1D5-FFA22B5D3C9F}.Debug|Any CPU.Build.0 = Debug|Any CPU
		{7D079FDA-FCDC-4FE5-A1D5-FFA22B5D3C9F}.Release|Any CPU.ActiveCfg = Release|Any CPU
		{7D079FDA-FCDC-4FE5-A1D5-FFA22B5D3C9F}.Release|Any CPU.Build.0 = Release|Any CPU
	EndGlobalSection
	GlobalSection(SolutionProperties) = preSolution
		HideSolutionNode = FALSE
	EndGlobalSection
	GlobalSection(ExtensibilityGlobals) = postSolution
		SolutionGuid = {7E7DF2B8-BD48-4790-95A5-3F75EF80DE81}
	EndGlobalSection
EndGlobal
